// !$*UTF8*$!
{
	archiveVersion = 1;
	classes = {
	};
	objectVersion = 50;
	objects = {

/* Begin PBXBuildFile section */
		EFE9A684212D7DB5003C2BFE /* AppDelegate.m in Sources */ = {isa = PBXBuildFile; fileRef = EFE9A683212D7DB5003C2BFE /* AppDelegate.m */; };
		EFE9A687212D7DB5003C2BFE /* ViewController.m in Sources */ = {isa = PBXBuildFile; fileRef = EFE9A686212D7DB5003C2BFE /* ViewController.m */; };
		EFE9A68A212D7DB5003C2BFE /* Main.storyboard in Resources */ = {isa = PBXBuildFile; fileRef = EFE9A688212D7DB5003C2BFE /* Main.storyboard */; };
		EFE9A68C212D7DB6003C2BFE /* Assets.xcassets in Resources */ = {isa = PBXBuildFile; fileRef = EFE9A68B212D7DB6003C2BFE /* Assets.xcassets */; };
		EFE9A68F212D7DB6003C2BFE /* LaunchScreen.storyboard in Resources */ = {isa = PBXBuildFile; fileRef = EFE9A68D212D7DB6003C2BFE /* LaunchScreen.storyboard */; };
		EFE9A692212D7DB6003C2BFE /* main.m in Sources */ = {isa = PBXBuildFile; fileRef = EFE9A691212D7DB6003C2BFE /* main.m */; };
/* End PBXBuildFile section */

/* Begin PBXFileReference section */
		EFE9A67F212D7DB5003C2BFE /* DepthChart.app */ = {isa = PBXFileReference; explicitFileType = wrapper.application; includeInIndex = 0; path = DepthChart.app; sourceTree = BUILT_PRODUCTS_DIR; };
		EFE9A682212D7DB5003C2BFE /* AppDelegate.h */ = {isa = PBXFileReference; lastKnownFileType = sourcecode.c.h; path = AppDelegate.h; sourceTree = "<group>"; };
		EFE9A683212D7DB5003C2BFE /* AppDelegate.m */ = {isa = PBXFileReference; lastKnownFileType = sourcecode.c.objc; path = AppDelegate.m; sourceTree = "<group>"; };
		EFE9A685212D7DB5003C2BFE /* ViewController.h */ = {isa = PBXFileReference; lastKnownFileType = sourcecode.c.h; path = ViewController.h; sourceTree = "<group>"; };
		EFE9A686212D7DB5003C2BFE /* ViewController.m */ = {isa = PBXFileReference; lastKnownFileType = sourcecode.c.objc; path = ViewController.m; sourceTree = "<group>"; };
		EFE9A689212D7DB5003C2BFE /* Base */ = {isa = PBXFileReference; lastKnownFileType = file.storyboard; name = Base; path = Base.lproj/Main.storyboard; sourceTree = "<group>"; };
		EFE9A68B212D7DB6003C2BFE /* Assets.xcassets */ = {isa = PBXFileReference; lastKnownFileType = folder.assetcatalog; path = Assets.xcassets; sourceTree = "<group>"; };
		EFE9A68E212D7DB6003C2BFE /* Base */ = {isa = PBXFileReference; lastKnownFileType = file.storyboard; name = Base; path = Base.lproj/LaunchScreen.storyboard; sourceTree = "<group>"; };
		EFE9A690212D7DB6003C2BFE /* Info.plist */ = {isa = PBXFileReference; lastKnownFileType = text.plist.xml; path = Info.plist; sourceTree = "<group>"; };
		EFE9A691212D7DB6003C2BFE /* main.m */ = {isa = PBXFileReference; lastKnownFileType = sourcecode.c.objc; path = main.m; sourceTree = "<group>"; };
/* End PBXFileReference section */

/* Begin PBXFrameworksBuildPhase section */
		EFE9A67C212D7DB5003C2BFE /* Frameworks */ = {
			isa = PBXFrameworksBuildPhase;
			buildActionMask = 2147483647;
			files = (
			);
			runOnlyForDeploymentPostprocessing = 0;
		};
/* End PBXFrameworksBuildPhase section */

/* Begin PBXGroup section */
		EFE9A676212D7DB5003C2BFE = {
			isa = PBXGroup;
			children = (
				EFE9A681212D7DB5003C2BFE /* DepthChart */,
				EFE9A680212D7DB5003C2BFE /* Products */,
			);
			sourceTree = "<group>";
		};
		EFE9A680212D7DB5003C2BFE /* Products */ = {
			isa = PBXGroup;
			children = (
				EFE9A67F212D7DB5003C2BFE /* DepthChart.app */,
			);
			name = Products;
			sourceTree = "<group>";
		};
		EFE9A681212D7DB5003C2BFE /* DepthChart */ = {
			isa = PBXGroup;
			children = (
				EFE9A682212D7DB5003C2BFE /* AppDelegate.h */,
				EFE9A683212D7DB5003C2BFE /* AppDelegate.m */,
				EFE9A685212D7DB5003C2BFE /* ViewController.h */,
				EFE9A686212D7DB5003C2BFE /* ViewController.m */,
				EFE9A688212D7DB5003C2BFE /* Main.storyboard */,
				EFE9A68B212D7DB6003C2BFE /* Assets.xcassets */,
				EFE9A68D212D7DB6003C2BFE /* LaunchScreen.storyboard */,
				EFE9A690212D7DB6003C2BFE /* Info.plist */,
				EFE9A691212D7DB6003C2BFE /* main.m */,
			);
			path = DepthChart;
			sourceTree = "<group>";
		};
/* End PBXGroup section */

/* Begin PBXNativeTarget section */
		EFE9A67E212D7DB5003C2BFE /* DepthChart */ = {
			isa = PBXNativeTarget;
			buildConfigurationList = EFE9A695212D7DB6003C2BFE /* Build configuration list for PBXNativeTarget "DepthChart" */;
			buildPhases = (
				EFE9A67B212D7DB5003C2BFE /* Sources */,
				EFE9A67C212D7DB5003C2BFE /* Frameworks */,
				EFE9A67D212D7DB5003C2BFE /* Resources */,
			);
			buildRules = (
			);
			dependencies = (
			);
			name = DepthChart;
			productName = DepthChart;
			productReference = EFE9A67F212D7DB5003C2BFE /* DepthChart.app */;
			productType = "com.apple.product-type.application";
		};
/* End PBXNativeTarget section */

/* Begin PBXProject section */
		EFE9A677212D7DB5003C2BFE /* Project object */ = {
			isa = PBXProject;
			attributes = {
				LastUpgradeCheck = 0940;
				ORGANIZATIONNAME = duanmu;
				TargetAttributes = {
					EFE9A67E212D7DB5003C2BFE = {
						CreatedOnToolsVersion = 9.4.1;
					};
				};
			};
			buildConfigurationList = EFE9A67A212D7DB5003C2BFE /* Build configuration list for PBXProject "DepthChart" */;
			compatibilityVersion = "Xcode 9.3";
			developmentRegion = en;
			hasScannedForEncodings = 0;
			knownRegions = (
				en,
				Base,
			);
			mainGroup = EFE9A676212D7DB5003C2BFE;
			productRefGroup = EFE9A680212D7DB5003C2BFE /* Products */;
			projectDirPath = "";
			projectRoot = "";
			targets = (
				EFE9A67E212D7DB5003C2BFE /* DepthChart */,
			);
		};
/* End PBXProject section */

/* Begin PBXResourcesBuildPhase section */
		EFE9A67D212D7DB5003C2BFE /* Resources */ = {
			isa = PBXResourcesBuildPhase;
			buildActionMask = 2147483647;
			files = (
				EFE9A68F212D7DB6003C2BFE /* LaunchScreen.storyboard in Resources */,
				EFE9A68C212D7DB6003C2BFE /* Assets.xcassets in Resources */,
				EFE9A68A212D7DB5003C2BFE /* Main.storyboard in Resources */,
			);
			runOnlyForDeploymentPostprocessing = 0;
		};
/* End PBXResourcesBuildPhase section */

/* Begin PBXSourcesBuildPhase section */
		EFE9A67B212D7DB5003C2BFE /* Sources */ = {
			isa = PBXSourcesBuildPhase;
			buildActionMask = 2147483647;
			files = (
				EFE9A687212D7DB5003C2BFE /* ViewController.m in Sources */,
				EFE9A692212D7DB6003C2BFE /* main.m in Sources */,
				EFE9A684212D7DB5003C2BFE /* AppDelegate.m in Sources */,
			);
			runOnlyForDeploymentPostprocessing = 0;
		};
/* End PBXSourcesBuildPhase section */

/* Begin PBXVariantGroup section */
		EFE9A688212D7DB5003C2BFE /* Main.storyboard */ = {
			isa = PBXVariantGroup;
			children = (
				EFE9A689212D7DB5003C2BFE /* Base */,
			);
			name = Main.storyboard;
			sourceTree = "<group>";
		};
		EFE9A68D212D7DB6003C2BFE /* LaunchScreen.storyboard */ = {
			isa = PBXVariantGroup;
			children = (
				EFE9A68E212D7DB6003C2BFE /* Base */,
			);
			name = LaunchScreen.storyboard;
			sourceTree = "<group>";
		};
/* End PBXVariantGroup section */

/* Begin XCBuildConfiguration section */
		EFE9A693212D7DB6003C2BFE /* Debug */ = {
			isa = XCBuildConfiguration;
			buildSettings = {
				ALWAYS_SEARCH_USER_PATHS = NO;
				CLANG_ANALYZER_NONNULL = YES;
				CLANG_ANALYZER_NUMBER_OBJECT_CONVERSION = YES_AGGRESSIVE;
				CLANG_CXX_LANGUAGE_STANDARD = "gnu++14";
				CLANG_CXX_LIBRARY = "libc++";
				CLANG_ENABLE_MODULES = YES;
				CLANG_ENABLE_OBJC_ARC = YES;
				CLANG_ENABLE_OBJC_WEAK = YES;
				CLANG_WARN_BLOCK_CAPTURE_AUTORELEASING = YES;
				CLANG_WARN_BOOL_CONVERSION = YES;
				CLANG_WARN_COMMA = YES;
				CLANG_WARN_CONSTANT_CONVERSION = YES;
				CLANG_WARN_DEPRECATED_OBJC_IMPLEMENTATIONS = YES;
				CLANG_WARN_DIRECT_OBJC_ISA_USAGE = YES_ERROR;
				CLANG_WARN_DOCUMENTATION_COMMENTS = YES;
				CLANG_WARN_EMPTY_BODY = YES;
				CLANG_WARN_ENUM_CONVERSION = YES;
				CLANG_WARN_INFINITE_RECURSION = YES;
				CLANG_WARN_INT_CONVERSION = YES;
				CLANG_WARN_NON_LITERAL_NULL_CONVERSION = YES;
				CLANG_WARN_OBJC_IMPLICIT_RETAIN_SELF = YES;
				CLANG_WARN_OBJC_LITERAL_CONVERSION = YES;
				CLANG_WARN_OBJC_ROOT_CLASS = YES_ERROR;
				CLANG_WARN_RANGE_LOOP_ANALYSIS = YES;
				CLANG_WARN_STRICT_PROTOTYPES = YES;
				CLANG_WARN_SUSPICIOUS_MOVE = YES;
				CLANG_WARN_UNGUARDED_AVAILABILITY = YES_AGGRESSIVE;
				CLANG_WARN_UNREACHABLE_CODE = YES;
				CLANG_WARN__DUPLICATE_METHOD_MATCH = YES;
				CODE_SIGN_IDENTITY = "iPhone Developer";
				COPY_PHASE_STRIP = NO;
				DEBUG_INFORMATION_FORMAT = dwarf;
				ENABLE_STRICT_OBJC_MSGSEND = YES;
				ENABLE_TESTABILITY = YES;
				GCC_C_LANGUAGE_STANDARD = gnu11;
				GCC_DYNAMIC_NO_PIC = NO;
				GCC_NO_COMMON_BLOCKS = YES;
				GCC_OPTIMIZATION_LEVEL = 0;
				GCC_PREPROCESSOR_DEFINITIONS = (
					"DEBUG=1",
					"$(inherited)",
				);
				GCC_WARN_64_TO_32_BIT_CONVERSION = YES;
				GCC_WARN_ABOUT_RETURN_TYPE = YES_ERROR;
				GCC_WARN_UNDECLARED_SELECTOR = YES;
				GCC_WARN_UNINITIALIZED_AUTOS = YES_AGGRESSIVE;
				GCC_WARN_UNUSED_FUNCTION = YES;
				GCC_WARN_UNUSED_VARIABLE = YES;
				IPHONEOS_DEPLOYMENT_TARGET = 11.4;
				MTL_ENABLE_DEBUG_INFO = YES;
				ONLY_ACTIVE_ARCH = YES;
				SDKROOT = iphoneos;
			};
			name = Debug;
		};
		EFE9A694212D7DB6003C2BFE /* Release */ = {
			isa = XCBuildConfiguration;
			buildSettings = {
				ALWAYS_SEARCH_USER_PATHS = NO;
				CLANG_ANALYZER_NONNULL = YES;
				CLANG_ANALYZER_NUMBER_OBJECT_CONVERSION = YES_AGGRESSIVE;
				CLANG_CXX_LANGUAGE_STANDARD = "gnu++14";
				CLANG_CXX_LIBRARY = "libc++";
				CLANG_ENABLE_MODULES = YES;
				CLANG_ENABLE_OBJC_ARC = YES;
				CLANG_ENABLE_OBJC_WEAK = YES;
				CLANG_WARN_BLOCK_CAPTURE_AUTORELEASING = YES;
				CLANG_WARN_BOOL_CONVERSION = YES;
				CLANG_WARN_COMMA = YES;
				CLANG_WARN_CONSTANT_CONVERSION = YES;
				CLANG_WARN_DEPRECATED_OBJC_IMPLEMENTATIONS = YES;
				CLANG_WARN_DIRECT_OBJC_ISA_USAGE = YES_ERROR;
				CLANG_WARN_DOCUMENTATION_COMMENTS = YES;
				CLANG_WARN_EMPTY_BODY = YES;
				CLANG_WARN_ENUM_CONVERSION = YES;
				CLANG_WARN_INFINITE_RECURSION = YES;
				CLANG_WARN_INT_CONVERSION = YES;
				CLANG_WARN_NON_LITERAL_NULL_CONVERSION = YES;
				CLANG_WARN_OBJC_IMPLICIT_RETAIN_SELF = YES;
				CLANG_WARN_OBJC_LITERAL_CONVERSION = YES;
				CLANG_WARN_OBJC_ROOT_CLASS = YES_ERROR;
				CLANG_WARN_RANGE_LOOP_ANALYSIS = YES;
				CLANG_WARN_STRICT_PROTOTYPES = YES;
				CLANG_WARN_SUSPICIOUS_MOVE = YES;
				CLANG_WARN_UNGUARDED_AVAILABILITY = YES_AGGRESSIVE;
				CLANG_WARN_UNREACHABLE_CODE = YES;
				CLANG_WARN__DUPLICATE_METHOD_MATCH = YES;
				CODE_SIGN_IDENTITY = "iPhone Developer";
				COPY_PHASE_STRIP = NO;
				DEBUG_INFORMATION_FORMAT = "dwarf-with-dsym";
				ENABLE_NS_ASSERTIONS = NO;
				ENABLE_STRICT_OBJC_MSGSEND = YES;
				GCC_C_LANGUAGE_STANDARD = gnu11;
				GCC_NO_COMMON_BLOCKS = YES;
				GCC_WARN_64_TO_32_BIT_CONVERSION = YES;
				GCC_WARN_ABOUT_RETURN_TYPE = YES_ERROR;
				GCC_WARN_UNDECLARED_SELECTOR = YES;
				GCC_WARN_UNINITIALIZED_AUTOS = YES_AGGRESSIVE;
				GCC_WARN_UNUSED_FUNCTION = YES;
				GCC_WARN_UNUSED_VARIABLE = YES;
				IPHONEOS_DEPLOYMENT_TARGET = 11.4;
				MTL_ENABLE_DEBUG_INFO = NO;
				SDKROOT = iphoneos;
				VALIDATE_PRODUCT = YES;
			};
			name = Release;
		};
		EFE9A696212D7DB6003C2BFE /* Debug */ = {
			isa = XCBuildConfiguration;
			buildSettings = {
				ASSETCATALOG_COMPILER_APPICON_NAME = AppIcon;
				CODE_SIGN_STYLE = Automatic;
				INFOPLIST_FILE = DepthChart/Info.plist;
				LD_RUNPATH_SEARCH_PATHS = (
					"$(inherited)",
					"@executable_path/Frameworks",
				);
				PRODUCT_BUNDLE_IDENTIFIER = aa.DepthChart;
				PRODUCT_NAME = "$(TARGET_NAME)";
				TARGETED_DEVICE_FAMILY = "1,2";
			};
			name = Debug;
		};
		EFE9A697212D7DB6003C2BFE /* Release */ = {
			isa = XCBuildConfiguration;
			buildSettings = {
				ASSETCATALOG_COMPILER_APPICON_NAME = AppIcon;
				CODE_SIGN_STYLE = Automatic;
				INFOPLIST_FILE = DepthChart/Info.plist;
				LD_RUNPATH_SEARCH_PATHS = (
					"$(inherited)",
					"@executable_path/Frameworks",
				);
				PRODUCT_BUNDLE_IDENTIFIER = aa.DepthChart;
				PRODUCT_NAME = "$(TARGET_NAME)";
				TARGETED_DEVICE_FAMILY = "1,2";
			};
			name = Release;
		};
/* End XCBuildConfiguration section */

/* Begin XCConfigurationList section */
		EFE9A67A212D7DB5003C2BFE /* Build configuration list for PBXProject "DepthChart" */ = {
			isa = XCConfigurationList;
			buildConfigurations = (
				EFE9A693212D7DB6003C2BFE /* Debug */,
				EFE9A694212D7DB6003C2BFE /* Release */,
			);
			defaultConfigurationIsVisible = 0;
			defaultConfigurationName = Release;
		};
		EFE9A695212D7DB6003C2BFE /* Build configuration list for PBXNativeTarget "DepthChart" */ = {
			isa = XCConfigurationList;
			buildConfigurations = (
				EFE9A696212D7DB6003C2BFE /* Debug */,
				EFE9A697212D7DB6003C2BFE /* Release */,
			);
			defaultConfigurationIsVisible = 0;
			defaultConfigurationName = Release;
		};
/* End XCConfigurationList section */
	};
	rootObject = EFE9A677212D7DB5003C2BFE /* Project object */;
}
